
Microsoft Visual Studio Solution File, Format Version 12.00
# Visual Studio Version 16
VisualStudioVersion = 16.0.30621.155
MinimumVisualStudioVersion = 10.0.40219.1
Project("{FAE04EC0-301F-11D3-BF4B-00C04F79EFBC}") = "DI03WinformAdventureWorks", "DI03WinformAdventureWorks\DI03WinformAdventureWorks.csproj", "{FA09C0E5-28A5-4E79-BA26-D5F5FEB8A8CC}"
EndProject
Project("{FAE04EC0-301F-11D3-BF4B-00C04F79EFBC}") = "DI03ControlLibrary", "DI03ControlLibrary\DI03ControlLibrary.csproj", "{37CCDED4-AEEC-4625-AC79-A45DDFFDE716}"
EndProject
Global
	GlobalSection(SolutionConfigurationPlatforms) = preSolution
		Debug|Any CPU = Debug|Any CPU
		Release|Any CPU = Release|Any CPU
	EndGlobalSection
	GlobalSection(ProjectConfigurationPlatforms) = postSolution
		{FA09C0E5-28A5-4E79-BA26-D5F5FEB8A8CC}.Debug|Any CPU.ActiveCfg = Debug|Any CPU
		{FA09C0E5-28A5-4E79-BA26-D5F5FEB8A8CC}.Debug|Any CPU.Build.0 = Debug|Any CPU
		{FA09C0E5-28A5-4E79-BA26-D5F5FEB8A8CC}.Release|Any CPU.ActiveCfg = Release|Any CPU
		{FA09C0E5-28A5-4E79-BA26-D5F5FEB8A8CC}.Release|Any CPU.Build.0 = Release|Any CPU
		{37CCDED4-AEEC-4625-AC79-A45DDFFDE716}.Debug|Any CPU.ActiveCfg = Debug|Any CPU
		{37CCDED4-AEEC-4625-AC79-A45DDFFDE716}.Debug|Any CPU.Build.0 = Debug|Any CPU
		{37CCDED4-AEEC-4625-AC79-A45DDFFDE716}.Release|Any CPU.ActiveCfg = Release|Any CPU
		{37CCDED4-AEEC-4625-AC79-A45DDFFDE716}.Release|Any CPU.Build.0 = Release|Any CPU
	EndGlobalSection
	GlobalSection(SolutionProperties) = preSolution
		HideSolutionNode = FALSE
	EndGlobalSection
	GlobalSection(ExtensibilityGlobals) = postSolution
		SolutionGuid = {ED174C2D-7D81-4970-92D8-C0FB0874C4EE}
	EndGlobalSection
EndGlobal
